// !$*UTF8*$!
{
	archiveVersion = 1;
	classes = {
	};
	objectVersion = 46;
	objects = {

/* Begin PBXBuildFile section */
		35AC094218CA66C8003E447F /* Foundation.framework in Frameworks */ = {isa = PBXBuildFile; fileRef = 35AC094118CA66C8003E447F /* Foundation.framework */; };
		35AC094418CA66C8003E447F /* CoreGraphics.framework in Frameworks */ = {isa = PBXBuildFile; fileRef = 35AC094318CA66C8003E447F /* CoreGraphics.framework */; };
		35AC094618CA66C8003E447F /* UIKit.framework in Frameworks */ = {isa = PBXBuildFile; fileRef = 35AC094518CA66C8003E447F /* UIKit.framework */; };
		35AC094C18CA66C8003E447F /* InfoPlist.strings in Resources */ = {isa = PBXBuildFile; fileRef = 35AC094A18CA66C8003E447F /* InfoPlist.strings */; };
		35AC094E18CA66C8003E447F /* main.m in Sources */ = {isa = PBXBuildFile; fileRef = 35AC094D18CA66C8003E447F /* main.m */; };
		35AC095218CA66C8003E447F /* AppDelegate.m in Sources */ = {isa = PBXBuildFile; fileRef = 35AC095118CA66C8003E447F /* AppDelegate.m */; };
		35AC095418CA66C8003E447F /* Images.xcassets in Resources */ = {isa = PBXBuildFile; fileRef = 35AC095318CA66C8003E447F /* Images.xcassets */; };
		35AC095B18CA66C8003E447F /* XCTest.framework in Frameworks */ = {isa = PBXBuildFile; fileRef = 35AC095A18CA66C8003E447F /* XCTest.framework */; };
		35AC095C18CA66C8003E447F /* Foundation.framework in Frameworks */ = {isa = PBXBuildFile; fileRef = 35AC094118CA66C8003E447F /* Foundation.framework */; };
		35AC095D18CA66C8003E447F /* UIKit.framework in Frameworks */ = {isa = PBXBuildFile; fileRef = 35AC094518CA66C8003E447F /* UIKit.framework */; };
		35AC096518CA66C8003E447F /* InfoPlist.strings in Resources */ = {isa = PBXBuildFile; fileRef = 35AC096318CA66C8003E447F /* InfoPlist.strings */; };
		35AC096718CA66C8003E447F /* aboutTImeTests.m in Sources */ = {isa = PBXBuildFile; fileRef = 35AC096618CA66C8003E447F /* aboutTImeTests.m */; };
/* End PBXBuildFile section */

/* Begin PBXContainerItemProxy section */
		35AC095E18CA66C8003E447F /* PBXContainerItemProxy */ = {
			isa = PBXContainerItemProxy;
			containerPortal = 35AC093618CA66C8003E447F /* Project object */;
			proxyType = 1;
			remoteGlobalIDString = 35AC093D18CA66C8003E447F;
			remoteInfo = aboutTIme;
		};
/* End PBXContainerItemProxy section */

/* Begin PBXFileReference section */
		35AC093E18CA66C8003E447F /* aboutTIme.app */ = {isa = PBXFileReference; explicitFileType = wrapper.application; includeInIndex = 0; path = aboutTIme.app; sourceTree = BUILT_PRODUCTS_DIR; };
		35AC094118CA66C8003E447F /* Foundation.framework */ = {isa = PBXFileReference; lastKnownFileType = wrapper.framework; name = Foundation.framework; path = System/Library/Frameworks/Foundation.framework; sourceTree = SDKROOT; };
		35AC094318CA66C8003E447F /* CoreGraphics.framework */ = {isa = PBXFileReference; lastKnownFileType = wrapper.framework; name = CoreGraphics.framework; path = System/Library/Frameworks/CoreGraphics.framework; sourceTree = SDKROOT; };
		35AC094518CA66C8003E447F /* UIKit.framework */ = {isa = PBXFileReference; lastKnownFileType = wrapper.framework; name = UIKit.framework; path = System/Library/Frameworks/UIKit.framework; sourceTree = SDKROOT; };
		35AC094918CA66C8003E447F /* aboutTIme-Info.plist */ = {isa = PBXFileReference; lastKnownFileType = text.plist.xml; path = "aboutTIme-Info.plist"; sourceTree = "<group>"; };
		35AC094B18CA66C8003E447F /* en */ = {isa = PBXFileReference; lastKnownFileType = text.plist.strings; name = en; path = en.lproj/InfoPlist.strings; sourceTree = "<group>"; };
		35AC094D18CA66C8003E447F /* main.m */ = {isa = PBXFileReference; lastKnownFileType = sourcecode.c.objc; path = main.m; sourceTree = "<group>"; };
		35AC094F18CA66C8003E447F /* aboutTIme-Prefix.pch */ = {isa = PBXFileReference; lastKnownFileType = sourcecode.c.h; path = "aboutTIme-Prefix.pch"; sourceTree = "<group>"; };
		35AC095018CA66C8003E447F /* AppDelegate.h */ = {isa = PBXFileReference; lastKnownFileType = sourcecode.c.h; path = AppDelegate.h; sourceTree = "<group>"; };
		35AC095118CA66C8003E447F /* AppDelegate.m */ = {isa = PBXFileReference; lastKnownFileType = sourcecode.c.objc; path = AppDelegate.m; sourceTree = "<group>"; };
		35AC095318CA66C8003E447F /* Images.xcassets */ = {isa = PBXFileReference; lastKnownFileType = folder.assetcatalog; path = Images.xcassets; sourceTree = "<group>"; };
		35AC095918CA66C8003E447F /* aboutTImeTests.xctest */ = {isa = PBXFileReference; explicitFileType = wrapper.cfbundle; includeInIndex = 0; path = aboutTImeTests.xctest; sourceTree = BUILT_PRODUCTS_DIR; };
		35AC095A18CA66C8003E447F /* XCTest.framework */ = {isa = PBXFileReference; lastKnownFileType = wrapper.framework; name = XCTest.framework; path = Library/Frameworks/XCTest.framework; sourceTree = DEVELOPER_DIR; };
		35AC096218CA66C8003E447F /* aboutTImeTests-Info.plist */ = {isa = PBXFileReference; lastKnownFileType = text.plist.xml; path = "aboutTImeTests-Info.plist"; sourceTree = "<group>"; };
		35AC096418CA66C8003E447F /* en */ = {isa = PBXFileReference; lastKnownFileType = text.plist.strings; name = en; path = en.lproj/InfoPlist.strings; sourceTree = "<group>"; };
		35AC096618CA66C8003E447F /* aboutTImeTests.m */ = {isa = PBXFileReference; lastKnownFileType = sourcecode.c.objc; path = aboutTImeTests.m; sourceTree = "<group>"; };
/* End PBXFileReference section */

/* Begin PBXFrameworksBuildPhase section */
		35AC093B18CA66C8003E447F /* Frameworks */ = {
			isa = PBXFrameworksBuildPhase;
			buildActionMask = 2147483647;
			files = (
				35AC094418CA66C8003E447F /* CoreGraphics.framework in Frameworks */,
				35AC094618CA66C8003E447F /* UIKit.framework in Frameworks */,
				35AC094218CA66C8003E447F /* Foundation.framework in Frameworks */,
			);
			runOnlyForDeploymentPostprocessing = 0;
		};
		35AC095618CA66C8003E447F /* Frameworks */ = {
			isa = PBXFrameworksBuildPhase;
			buildActionMask = 2147483647;
			files = (
				35AC095B18CA66C8003E447F /* XCTest.framework in Frameworks */,
				35AC095D18CA66C8003E447F /* UIKit.framework in Frameworks */,
				35AC095C18CA66C8003E447F /* Foundation.framework in Frameworks */,
			);
			runOnlyForDeploymentPostprocessing = 0;
		};
/* End PBXFrameworksBuildPhase section */

/* Begin PBXGroup section */
		35AC093518CA66C8003E447F = {
			isa = PBXGroup;
			children = (
				35AC094718CA66C8003E447F /* aboutTIme */,
				35AC096018CA66C8003E447F /* aboutTImeTests */,
				35AC094018CA66C8003E447F /* Frameworks */,
				35AC093F18CA66C8003E447F /* Products */,
			);
			sourceTree = "<group>";
		};
		35AC093F18CA66C8003E447F /* Products */ = {
			isa = PBXGroup;
			children = (
				35AC093E18CA66C8003E447F /* aboutTIme.app */,
				35AC095918CA66C8003E447F /* aboutTImeTests.xctest */,
			);
			name = Products;
			sourceTree = "<group>";
		};
		35AC094018CA66C8003E447F /* Frameworks */ = {
			isa = PBXGroup;
			children = (
				35AC094118CA66C8003E447F /* Foundation.framework */,
				35AC094318CA66C8003E447F /* CoreGraphics.framework */,
				35AC094518CA66C8003E447F /* UIKit.framework */,
				35AC095A18CA66C8003E447F /* XCTest.framework */,
			);
			name = Frameworks;
			sourceTree = "<group>";
		};
		35AC094718CA66C8003E447F /* aboutTIme */ = {
			isa = PBXGroup;
			children = (
				35AC095018CA66C8003E447F /* AppDelegate.h */,
				35AC095118CA66C8003E447F /* AppDelegate.m */,
				35AC095318CA66C8003E447F /* Images.xcassets */,
				35AC094818CA66C8003E447F /* Supporting Files */,
			);
			path = aboutTIme;
			sourceTree = "<group>";
		};
		35AC094818CA66C8003E447F /* Supporting Files */ = {
			isa = PBXGroup;
			children = (
				35AC094918CA66C8003E447F /* aboutTIme-Info.plist */,
				35AC094A18CA66C8003E447F /* InfoPlist.strings */,
				35AC094D18CA66C8003E447F /* main.m */,
				35AC094F18CA66C8003E447F /* aboutTIme-Prefix.pch */,
			);
			name = "Supporting Files";
			sourceTree = "<group>";
		};
		35AC096018CA66C8003E447F /* aboutTImeTests */ = {
			isa = PBXGroup;
			children = (
				35AC096618CA66C8003E447F /* aboutTImeTests.m */,
				35AC096118CA66C8003E447F /* Supporting Files */,
			);
			path = aboutTImeTests;
			sourceTree = "<group>";
		};
		35AC096118CA66C8003E447F /* Supporting Files */ = {
			isa = PBXGroup;
			children = (
				35AC096218CA66C8003E447F /* aboutTImeTests-Info.plist */,
				35AC096318CA66C8003E447F /* InfoPlist.strings */,
			);
			name = "Supporting Files";
			sourceTree = "<group>";
		};
/* End PBXGroup section */

/* Begin PBXNativeTarget section */
		35AC093D18CA66C8003E447F /* aboutTIme */ = {
			isa = PBXNativeTarget;
			buildConfigurationList = 35AC096A18CA66C8003E447F /* Build configuration list for PBXNativeTarget "aboutTIme" */;
			buildPhases = (
				35AC093A18CA66C8003E447F /* Sources */,
				35AC093B18CA66C8003E447F /* Frameworks */,
				35AC093C18CA66C8003E447F /* Resources */,
			);
			buildRules = (
			);
			dependencies = (
			);
			name = aboutTIme;
			productName = aboutTIme;
			productReference = 35AC093E18CA66C8003E447F /* aboutTIme.app */;
			productType = "com.apple.product-type.application";
		};
		35AC095818CA66C8003E447F /* aboutTImeTests */ = {
			isa = PBXNativeTarget;
			buildConfigurationList = 35AC096D18CA66C8003E447F /* Build configuration list for PBXNativeTarget "aboutTImeTests" */;
			buildPhases = (
				35AC095518CA66C8003E447F /* Sources */,
				35AC095618CA66C8003E447F /* Frameworks */,
				35AC095718CA66C8003E447F /* Resources */,
			);
			buildRules = (
			);
			dependencies = (
				35AC095F18CA66C8003E447F /* PBXTargetDependency */,
			);
			name = aboutTImeTests;
			productName = aboutTImeTests;
			productReference = 35AC095918CA66C8003E447F /* aboutTImeTests.xctest */;
			productType = "com.apple.product-type.bundle.unit-test";
		};
/* End PBXNativeTarget section */

/* Begin PBXProject section */
		35AC093618CA66C8003E447F /* Project object */ = {
			isa = PBXProject;
			attributes = {
				LastUpgradeCheck = 0500;
				ORGANIZATIONNAME = "李昂";
				TargetAttributes = {
					35AC095818CA66C8003E447F = {
						TestTargetID = 35AC093D18CA66C8003E447F;
					};
				};
			};
			buildConfigurationList = 35AC093918CA66C8003E447F /* Build configuration list for PBXProject "aboutTIme" */;
			compatibilityVersion = "Xcode 3.2";
			developmentRegion = English;
			hasScannedForEncodings = 0;
			knownRegions = (
				en,
			);
			mainGroup = 35AC093518CA66C8003E447F;
			productRefGroup = 35AC093F18CA66C8003E447F /* Products */;
			projectDirPath = "";
			projectRoot = "";
			targets = (
				35AC093D18CA66C8003E447F /* aboutTIme */,
				35AC095818CA66C8003E447F /* aboutTImeTests */,
			);
		};
/* End PBXProject section */

/* Begin PBXResourcesBuildPhase section */
		35AC093C18CA66C8003E447F /* Resources */ = {
			isa = PBXResourcesBuildPhase;
			buildActionMask = 2147483647;
			files = (
				35AC094C18CA66C8003E447F /* InfoPlist.strings in Resources */,
				35AC095418CA66C8003E447F /* Images.xcassets in Resources */,
			);
			runOnlyForDeploymentPostprocessing = 0;
		};
		35AC095718CA66C8003E447F /* Resources */ = {
			isa = PBXResourcesBuildPhase;
			buildActionMask = 2147483647;
			files = (
				35AC096518CA66C8003E447F /* InfoPlist.strings in Resources */,
			);
			runOnlyForDeploymentPostprocessing = 0;
		};
/* End PBXResourcesBuildPhase section */

/* Begin PBXSourcesBuildPhase section */
		35AC093A18CA66C8003E447F /* Sources */ = {
			isa = PBXSourcesBuildPhase;
			buildActionMask = 2147483647;
			files = (
				35AC095218CA66C8003E447F /* AppDelegate.m in Sources */,
				35AC094E18CA66C8003E447F /* main.m in Sources */,
			);
			runOnlyForDeploymentPostprocessing = 0;
		};
		35AC095518CA66C8003E447F /* Sources */ = {
			isa = PBXSourcesBuildPhase;
			buildActionMask = 2147483647;
			files = (
				35AC096718CA66C8003E447F /* aboutTImeTests.m in Sources */,
			);
			runOnlyForDeploymentPostprocessing = 0;
		};
/* End PBXSourcesBuildPhase section */

/* Begin PBXTargetDependency section */
		35AC095F18CA66C8003E447F /* PBXTargetDependency */ = {
			isa = PBXTargetDependency;
			target = 35AC093D18CA66C8003E447F /* aboutTIme */;
			targetProxy = 35AC095E18CA66C8003E447F /* PBXContainerItemProxy */;
		};
/* End PBXTargetDependency section */

/* Begin PBXVariantGroup section */
		35AC094A18CA66C8003E447F /* InfoPlist.strings */ = {
			isa = PBXVariantGroup;
			children = (
				35AC094B18CA66C8003E447F /* en */,
			);
			name = InfoPlist.strings;
			sourceTree = "<group>";
		};
		35AC096318CA66C8003E447F /* InfoPlist.strings */ = {
			isa = PBXVariantGroup;
			children = (
				35AC096418CA66C8003E447F /* en */,
			);
			name = InfoPlist.strings;
			sourceTree = "<group>";
		};
/* End PBXVariantGroup section */

/* Begin XCBuildConfiguration section */
		35AC096818CA66C8003E447F /* Debug */ = {
			isa = XCBuildConfiguration;
			buildSettings = {
				ALWAYS_SEARCH_USER_PATHS = NO;
				ARCHS = "$(ARCHS_STANDARD_INCLUDING_64_BIT)";
				CLANG_CXX_LANGUAGE_STANDARD = "gnu++0x";
				CLANG_CXX_LIBRARY = "libc++";
				CLANG_ENABLE_MODULES = YES;
				CLANG_ENABLE_OBJC_ARC = YES;
				CLANG_WARN_BOOL_CONVERSION = YES;
				CLANG_WARN_CONSTANT_CONVERSION = YES;
				CLANG_WARN_DIRECT_OBJC_ISA_USAGE = YES_ERROR;
				CLANG_WARN_EMPTY_BODY = YES;
				CLANG_WARN_ENUM_CONVERSION = YES;
				CLANG_WARN_INT_CONVERSION = YES;
				CLANG_WARN_OBJC_ROOT_CLASS = YES_ERROR;
				CLANG_WARN__DUPLICATE_METHOD_MATCH = YES;
				"CODE_SIGN_IDENTITY[sdk=iphoneos*]" = "iPhone Developer";
				COPY_PHASE_STRIP = NO;
				GCC_C_LANGUAGE_STANDARD = gnu99;
				GCC_DYNAMIC_NO_PIC = NO;
				GCC_OPTIMIZATION_LEVEL = 0;
				GCC_PREPROCESSOR_DEFINITIONS = (
					"DEBUG=1",
					"$(inherited)",
				);
				GCC_SYMBOLS_PRIVATE_EXTERN = NO;
				GCC_WARN_64_TO_32_BIT_CONVERSION = YES;
				GCC_WARN_ABOUT_RETURN_TYPE = YES_ERROR;
				GCC_WARN_UNDECLARED_SELECTOR = YES;
				GCC_WARN_UNINITIALIZED_AUTOS = YES;
				GCC_WARN_UNUSED_FUNCTION = YES;
				GCC_WARN_UNUSED_VARIABLE = YES;
				IPHONEOS_DEPLOYMENT_TARGET = 7.0;
				ONLY_ACTIVE_ARCH = YES;
				SDKROOT = iphoneos;
				TARGETED_DEVICE_FAMILY = "1,2";
			};
			name = Debug;
		};
		35AC096918CA66C8003E447F /* Release */ = {
			isa = XCBuildConfiguration;
			buildSettings = {
				ALWAYS_SEARCH_USER_PATHS = NO;
				ARCHS = "$(ARCHS_STANDARD_INCLUDING_64_BIT)";
				CLANG_CXX_LANGUAGE_STANDARD = "gnu++0x";
				CLANG_CXX_LIBRARY = "libc++";
				CLANG_ENABLE_MODULES = YES;
				CLANG_ENABLE_OBJC_ARC = YES;
				CLANG_WARN_BOOL_CONVERSION = YES;
				CLANG_WARN_CONSTANT_CONVERSION = YES;
				CLANG_WARN_DIRECT_OBJC_ISA_USAGE = YES_ERROR;
				CLANG_WARN_EMPTY_BODY = YES;
				CLANG_WARN_ENUM_CONVERSION = YES;
				CLANG_WARN_INT_CONVERSION = YES;
				CLANG_WARN_OBJC_ROOT_CLASS = YES_ERROR;
				CLANG_WARN__DUPLICATE_METHOD_MATCH = YES;
				"CODE_SIGN_IDENTITY[sdk=iphoneos*]" = "iPhone Developer";
				COPY_PHASE_STRIP = YES;
				ENABLE_NS_ASSERTIONS = NO;
				GCC_C_LANGUAGE_STANDARD = gnu99;
				GCC_WARN_64_TO_32_BIT_CONVERSION = YES;
				GCC_WARN_ABOUT_RETURN_TYPE = YES_ERROR;
				GCC_WARN_UNDECLARED_SELECTOR = YES;
				GCC_WARN_UNINITIALIZED_AUTOS = YES;
				GCC_WARN_UNUSED_FUNCTION = YES;
				GCC_WARN_UNUSED_VARIABLE = YES;
				IPHONEOS_DEPLOYMENT_TARGET = 7.0;
				SDKROOT = iphoneos;
				TARGETED_DEVICE_FAMILY = "1,2";
				VALIDATE_PRODUCT = YES;
			};
			name = Release;
		};
		35AC096B18CA66C8003E447F /* Debug */ = {
			isa = XCBuildConfiguration;
			buildSettings = {
				ASSETCATALOG_COMPILER_APPICON_NAME = AppIcon;
				ASSETCATALOG_COMPILER_LAUNCHIMAGE_NAME = LaunchImage;
				GCC_PRECOMPILE_PREFIX_HEADER = YES;
				GCC_PREFIX_HEADER = "aboutTIme/aboutTIme-Prefix.pch";
				INFOPLIST_FILE = "aboutTIme/aboutTIme-Info.plist";
				PRODUCT_NAME = "$(TARGET_NAME)";
				WRAPPER_EXTENSION = app;
			};
			name = Debug;
		};
		35AC096C18CA66C8003E447F /* Release */ = {
			isa = XCBuildConfiguration;
			buildSettings = {
				ASSETCATALOG_COMPILER_APPICON_NAME = AppIcon;
				ASSETCATALOG_COMPILER_LAUNCHIMAGE_NAME = LaunchImage;
				GCC_PRECOMPILE_PREFIX_HEADER = YES;
				GCC_PREFIX_HEADER = "aboutTIme/aboutTIme-Prefix.pch";
				INFOPLIST_FILE = "aboutTIme/aboutTIme-Info.plist";
				PRODUCT_NAME = "$(TARGET_NAME)";
				WRAPPER_EXTENSION = app;
			};
			name = Release;
		};
		35AC096E18CA66C8003E447F /* Debug */ = {
			isa = XCBuildConfiguration;
			buildSettings = {
				ARCHS = "$(ARCHS_STANDARD_INCLUDING_64_BIT)";
				BUNDLE_LOADER = "$(BUILT_PRODUCTS_DIR)/aboutTIme.app/aboutTIme";
				FRAMEWORK_SEARCH_PATHS = (
					"$(SDKROOT)/Developer/Library/Frameworks",
					"$(inherited)",
					"$(DEVELOPER_FRAMEWORKS_DIR)",
				);
				GCC_PRECOMPILE_PREFIX_HEADER = YES;
				GCC_PREFIX_HEADER = "aboutTIme/aboutTIme-Prefix.pch";
				GCC_PREPROCESSOR_DEFINITIONS = (
					"DEBUG=1",
					"$(inherited)",
				);
				INFOPLIST_FILE = "aboutTImeTests/aboutTImeTests-Info.plist";
				PRODUCT_NAME = "$(TARGET_NAME)";
				TEST_HOST = "$(BUNDLE_LOADER)";
				WRAPPER_EXTENSION = xctest;
			};
			name = Debug;
		};
		35AC096F18CA66C8003E447F /* Release */ = {
			isa = XCBuildConfiguration;
			buildSettings = {
				ARCHS = "$(ARCHS_STANDARD_INCLUDING_64_BIT)";
				BUNDLE_LOADER = "$(BUILT_PRODUCTS_DIR)/aboutTIme.app/aboutTIme";
				FRAMEWORK_SEARCH_PATHS = (
					"$(SDKROOT)/Developer/Library/Frameworks",
					"$(inherited)",
					"$(DEVELOPER_FRAMEWORKS_DIR)",
				);
				GCC_PRECOMPILE_PREFIX_HEADER = YES;
				GCC_PREFIX_HEADER = "aboutTIme/aboutTIme-Prefix.pch";
				INFOPLIST_FILE = "aboutTImeTests/aboutTImeTests-Info.plist";
				PRODUCT_NAME = "$(TARGET_NAME)";
				TEST_HOST = "$(BUNDLE_LOADER)";
				WRAPPER_EXTENSION = xctest;
			};
			name = Release;
		};
/* End XCBuildConfiguration section */

/* Begin XCConfigurationList section */
		35AC093918CA66C8003E447F /* Build configuration list for PBXProject "aboutTIme" */ = {
			isa = XCConfigurationList;
			buildConfigurations = (
				35AC096818CA66C8003E447F /* Debug */,
				35AC096918CA66C8003E447F /* Release */,
			);
			defaultConfigurationIsVisible = 0;
			defaultConfigurationName = Release;
		};
		35AC096A18CA66C8003E447F /* Build configuration list for PBXNativeTarget "aboutTIme" */ = {
			isa = XCConfigurationList;
			buildConfigurations = (
				35AC096B18CA66C8003E447F /* Debug */,
				35AC096C18CA66C8003E447F /* Release */,
			);
			defaultConfigurationIsVisible = 0;
		};
		35AC096D18CA66C8003E447F /* Build configuration list for PBXNativeTarget "aboutTImeTests" */ = {
			isa = XCConfigurationList;
			buildConfigurations = (
				35AC096E18CA66C8003E447F /* Debug */,
				35AC096F18CA66C8003E447F /* Release */,
			);
			defaultConfigurationIsVisible = 0;
		};
/* End XCConfigurationList section */
	};
	rootObject = 35AC093618CA66C8003E447F /* Project object */;
}
